
Microsoft Visual Studio Solution File, Format Version 12.00
# Visual Studio 15
Project("{FAE04EC0-301F-11D3-BF4B-00C04F79EFBC}") = "Heat.WebApi", "Heat.WebApi\Heat.WebApi.csproj", "{0830C15F-1788-4ACB-8F03-8951F2C99AC9}"
EndProject
Project("{FAE04EC0-301F-11D3-BF4B-00C04F79EFBC}") = "Heat.Tests", "Heat.Tests\Heat.Tests.csproj", "{3702ACD5-A371-4C2C-B897-6D0BF17744DF}"
EndProject
Project("{FAE04EC0-301F-11D3-BF4B-00C04F79EFBC}") = "Heat.Application", "Heat.Application\Heat.Application.csproj", "{23B22796-3E1E-4707-A24B-F70B99F5243B}"
EndProject
Project("{FAE04EC0-301F-11D3-BF4B-00C04F79EFBC}") = "Heat.Persistance", "Heat.Persistance\Heat.Persistance.csproj", "{57017226-F23E-4C08-8A6A-510DC0BF5994}"
EndProject
Project("{FAE04EC0-301F-11D3-BF4B-00C04F79EFBC}") = "Heat.Infraestructure", "Heat.Infraestructure\Heat.Infraestructure.csproj", "{6D99F74F-70B8-41F9-8B85-89D5F0DFEB38}"
EndProject
Project("{E53339B2-1760-4266-BCC7-CA923CBCF16C}") = "docker-compose", "docker-compose.dcproj", "{CBB25961-DF9D-4FA9-8069-23322B038531}"
EndProject
Global
	GlobalSection(SolutionConfigurationPlatforms) = preSolution
		Debug|Any CPU = Debug|Any CPU
		Release|Any CPU = Release|Any CPU
	EndGlobalSection
	GlobalSection(ProjectConfigurationPlatforms) = postSolution
		{0830C15F-1788-4ACB-8F03-8951F2C99AC9}.Debug|Any CPU.ActiveCfg = Debug|Any CPU
		{0830C15F-1788-4ACB-8F03-8951F2C99AC9}.Debug|Any CPU.Build.0 = Debug|Any CPU
		{0830C15F-1788-4ACB-8F03-8951F2C99AC9}.Release|Any CPU.ActiveCfg = Release|Any CPU
		{0830C15F-1788-4ACB-8F03-8951F2C99AC9}.Release|Any CPU.Build.0 = Release|Any CPU
		{3702ACD5-A371-4C2C-B897-6D0BF17744DF}.Debug|Any CPU.ActiveCfg = Debug|Any CPU
		{3702ACD5-A371-4C2C-B897-6D0BF17744DF}.Debug|Any CPU.Build.0 = Debug|Any CPU
		{3702ACD5-A371-4C2C-B897-6D0BF17744DF}.Release|Any CPU.ActiveCfg = Release|Any CPU
		{3702ACD5-A371-4C2C-B897-6D0BF17744DF}.Release|Any CPU.Build.0 = Release|Any CPU
		{23B22796-3E1E-4707-A24B-F70B99F5243B}.Debug|Any CPU.ActiveCfg = Debug|Any CPU
		{23B22796-3E1E-4707-A24B-F70B99F5243B}.Debug|Any CPU.Build.0 = Debug|Any CPU
		{23B22796-3E1E-4707-A24B-F70B99F5243B}.Release|Any CPU.ActiveCfg = Release|Any CPU
		{23B22796-3E1E-4707-A24B-F70B99F5243B}.Release|Any CPU.Build.0 = Release|Any CPU
		{57017226-F23E-4C08-8A6A-510DC0BF5994}.Debug|Any CPU.ActiveCfg = Debug|Any CPU
		{57017226-F23E-4C08-8A6A-510DC0BF5994}.Debug|Any CPU.Build.0 = Debug|Any CPU
		{57017226-F23E-4C08-8A6A-510DC0BF5994}.Release|Any CPU.ActiveCfg = Release|Any CPU
		{57017226-F23E-4C08-8A6A-510DC0BF5994}.Release|Any CPU.Build.0 = Release|Any CPU
		{6D99F74F-70B8-41F9-8B85-89D5F0DFEB38}.Debug|Any CPU.ActiveCfg = Debug|Any CPU
		{6D99F74F-70B8-41F9-8B85-89D5F0DFEB38}.Debug|Any CPU.Build.0 = Debug|Any CPU
		{6D99F74F-70B8-41F9-8B85-89D5F0DFEB38}.Release|Any CPU.ActiveCfg = Release|Any CPU
		{6D99F74F-70B8-41F9-8B85-89D5F0DFEB38}.Release|Any CPU.Build.0 = Release|Any CPU
		{CBB25961-DF9D-4FA9-8069-23322B038531}.Debug|Any CPU.ActiveCfg = Debug|Any CPU
		{CBB25961-DF9D-4FA9-8069-23322B038531}.Debug|Any CPU.Build.0 = Debug|Any CPU
		{CBB25961-DF9D-4FA9-8069-23322B038531}.Release|Any CPU.ActiveCfg = Release|Any CPU
		{CBB25961-DF9D-4FA9-8069-23322B038531}.Release|Any CPU.Build.0 = Release|Any CPU
	EndGlobalSection
EndGlobal
